{
    "_readme": [
        "This file locks the dependencies of your project to a known state",
        "Read more about it at http://getcomposer.org/doc/01-basic-usage.md#composer-lock-the-lock-file",
        "This file is @generated automatically"
    ],
    "hash": "39e9d06049a942b9122f65ad7af1307c",
    "packages": [
        {
            "name": "doctrine/annotations",
            "version": "dev-master",
            "source": {
                "type": "git",
                "url": "https://github.com/doctrine/annotations.git",
                "reference": "3f58ce08b67f04b228f9fe93242757e0376f719c"
            },
            "dist": {
                "type": "zip",
                "url": "https://api.github.com/repos/doctrine/annotations/zipball/3f58ce08b67f04b228f9fe93242757e0376f719c",
                "reference": "3f58ce08b67f04b228f9fe93242757e0376f719c",
                "shasum": ""
            },
            "require": {
                "doctrine/lexer": "1.*",
                "php": ">=5.3.2"
            },
            "require-dev": {
                "doctrine/cache": "1.*",
                "phpunit/phpunit": "4.*"
            },
            "type": "library",
            "extra": {
                "branch-alias": {
                    "dev-master": "1.2.x-dev"
                }
            },
            "autoload": {
                "psr-0": {
                    "Doctrine\\Common\\Annotations\\": "lib/"
                }
            },
            "notification-url": "https://packagist.org/downloads/",
            "license": [
                "MIT"
            ],
            "authors": [
                {
                    "name": "Jonathan H. Wage",
                    "email": "jonwage@gmail.com",
                    "homepage": "http://www.jwage.com/",
                    "role": "Creator"
                },
                {
                    "name": "Guilherme Blanco",
                    "email": "guilhermeblanco@gmail.com",
                    "homepage": "http://www.instaclick.com"
                },
                {
                    "name": "Roman Borschel",
                    "email": "roman@code-factory.org"
                },
                {
                    "name": "Benjamin Eberlei",
                    "email": "kontakt@beberlei.de"
                },
                {
                    "name": "Johannes Schmitt",
                    "email": "schmittjoh@gmail.com",
                    "homepage": "https://github.com/schmittjoh",
                    "role": "Developer of wrapped JMSSerializerBundle"
                }
            ],
            "description": "Docblock Annotations Parser",
            "homepage": "http://www.doctrine-project.org",
            "keywords": [
                "annotations",
                "docblock",
                "parser"
            ],
            "time": "2014-05-20 13:29:32"
        },
        {
            "name": "doctrine/cache",
            "version": "dev-master",
            "source": {
                "type": "git",
                "url": "https://github.com/doctrine/cache.git",
                "reference": "bb9b55b17bed5923c9446c8158a92623d39480c6"
            },
            "dist": {
                "type": "zip",
                "url": "https://api.github.com/repos/doctrine/cache/zipball/bb9b55b17bed5923c9446c8158a92623d39480c6",
                "reference": "bb9b55b17bed5923c9446c8158a92623d39480c6",
                "shasum": ""
            },
            "require": {
                "php": ">=5.3.2"
            },
            "conflict": {
                "doctrine/common": ">2.2,<2.4"
            },
            "require-dev": {
                "phpunit/phpunit": ">=3.7",
                "satooshi/php-coveralls": "~0.6"
            },
            "type": "library",
            "extra": {
                "branch-alias": {
                    "dev-master": "1.4.x-dev"
                }
            },
            "autoload": {
                "psr-0": {
                    "Doctrine\\Common\\Cache\\": "lib/"
                }
            },
            "notification-url": "https://packagist.org/downloads/",
            "license": [
                "MIT"
            ],
            "authors": [
                {
                    "name": "Jonathan Wage",
                    "email": "jonwage@gmail.com",
                    "homepage": "http://www.jwage.com/",
                    "role": "Creator"
                },
                {
                    "name": "Guilherme Blanco",
                    "email": "guilhermeblanco@gmail.com",
                    "homepage": "http://www.instaclick.com"
                },
                {
                    "name": "Roman Borschel",
                    "email": "roman@code-factory.org"
                },
                {
                    "name": "Benjamin Eberlei",
                    "email": "kontakt@beberlei.de"
                },
                {
                    "name": "Johannes Schmitt",
                    "email": "schmittjoh@gmail.com",
                    "homepage": "https://github.com/schmittjoh",
                    "role": "Developer of wrapped JMSSerializerBundle"
                }
            ],
            "description": "Caching library offering an object-oriented API for many cache backends",
            "homepage": "http://www.doctrine-project.org",
            "keywords": [
                "cache",
                "caching"
            ],
            "time": "2014-03-27 11:06:41"
        },
        {
            "name": "doctrine/collections",
            "version": "dev-master",
            "source": {
                "type": "git",
                "url": "https://github.com/doctrine/collections.git",
                "reference": "bbe35735af4a826c1f86b04f2fd885ff5fc0f82b"
            },
            "dist": {
                "type": "zip",
                "url": "https://api.github.com/repos/doctrine/collections/zipball/bbe35735af4a826c1f86b04f2fd885ff5fc0f82b",
                "reference": "bbe35735af4a826c1f86b04f2fd885ff5fc0f82b",
                "shasum": ""
            },
            "require": {
                "php": ">=5.3.2"
            },
            "require-dev": {
                "phpunit/phpunit": "~4.0"
            },
            "type": "library",
            "extra": {
                "branch-alias": {
                    "dev-master": "1.2.x-dev"
                }
            },
            "autoload": {
                "psr-0": {
                    "Doctrine\\Common\\Collections\\": "lib/"
                }
            },
            "notification-url": "https://packagist.org/downloads/",
            "license": [
                "MIT"
            ],
            "authors": [
                {
                    "name": "Jonathan H. Wage",
                    "email": "jonwage@gmail.com",
                    "homepage": "http://www.jwage.com/",
                    "role": "Creator"
                },
                {
                    "name": "Guilherme Blanco",
                    "email": "guilhermeblanco@gmail.com",
                    "homepage": "http://www.instaclick.com"
                },
                {
                    "name": "Roman Borschel",
                    "email": "roman@code-factory.org"
                },
                {
                    "name": "Benjamin Eberlei",
                    "email": "kontakt@beberlei.de"
                },
                {
                    "name": "Johannes Schmitt",
                    "email": "schmittjoh@gmail.com",
                    "homepage": "https://github.com/schmittjoh",
                    "role": "Developer of wrapped JMSSerializerBundle"
                }
            ],
            "description": "Collections Abstraction library",
            "homepage": "http://www.doctrine-project.org",
            "keywords": [
                "array",
                "collections",
                "iterator"
            ],
            "time": "2014-06-17 17:31:49"
        },
        {
            "name": "doctrine/common",
            "version": "dev-master",
            "source": {
                "type": "git",
                "url": "https://github.com/doctrine/common.git",
                "reference": "434c364b6a8780c16769b60fcc56e61e6bac766f"
            },
            "dist": {
                "type": "zip",
                "url": "https://api.github.com/repos/doctrine/common/zipball/434c364b6a8780c16769b60fcc56e61e6bac766f",
                "reference": "434c364b6a8780c16769b60fcc56e61e6bac766f",
                "shasum": ""
            },
            "require": {
                "doctrine/annotations": "1.*",
                "doctrine/cache": "1.*",
                "doctrine/collections": "1.*",
                "doctrine/inflector": "1.*",
                "doctrine/lexer": "1.*",
                "php": ">=5.3.2"
            },
            "require-dev": {
                "phpunit/phpunit": "~3.7"
            },
            "type": "library",
            "extra": {
                "branch-alias": {
                    "dev-master": "2.5.x-dev"
                }
            },
            "autoload": {
                "psr-0": {
                    "Doctrine\\Common\\": "lib/"
                }
            },
            "notification-url": "https://packagist.org/downloads/",
            "license": [
                "MIT"
            ],
            "authors": [
                {
                    "name": "Jonathan Wage",
                    "email": "jonwage@gmail.com",
                    "homepage": "http://www.jwage.com/",
                    "role": "Creator"
                },
                {
                    "name": "Guilherme Blanco",
                    "email": "guilhermeblanco@gmail.com",
                    "homepage": "http://www.instaclick.com"
                },
                {
                    "name": "Roman Borschel",
                    "email": "roman@code-factory.org"
                },
                {
                    "name": "Benjamin Eberlei",
                    "email": "kontakt@beberlei.de"
                },
                {
                    "name": "Johannes Schmitt",
                    "email": "schmittjoh@gmail.com",
                    "homepage": "http://jmsyst.com",
                    "role": "Developer of wrapped JMSSerializerBundle"
                }
            ],
            "description": "Common Library for Doctrine projects",
            "homepage": "http://www.doctrine-project.org",
            "keywords": [
                "annotations",
                "collections",
                "eventmanager",
                "persistence",
                "spl"
            ],
            "time": "2014-03-19 13:50:21"
        },
        {
            "name": "doctrine/inflector",
            "version": "dev-master",
            "source": {
                "type": "git",
                "url": "https://github.com/doctrine/inflector.git",
                "reference": "64de2fe36d578c5d5f3807ac7984547bbba5f7c5"
            },
            "dist": {
                "type": "zip",
                "url": "https://api.github.com/repos/doctrine/inflector/zipball/64de2fe36d578c5d5f3807ac7984547bbba5f7c5",
                "reference": "64de2fe36d578c5d5f3807ac7984547bbba5f7c5",
                "shasum": ""
            },
            "require": {
                "php": ">=5.3.2"
            },
            "require-dev": {
                "phpunit/phpunit": "4.*"
            },
            "type": "library",
            "extra": {
                "branch-alias": {
                    "dev-master": "1.0.x-dev"
                }
            },
            "autoload": {
                "psr-0": {
                    "Doctrine\\Common\\Inflector\\": "lib/"
                }
            },
            "notification-url": "https://packagist.org/downloads/",
            "license": [
                "MIT"
            ],
            "authors": [
                {
                    "name": "Jonathan Wage",
                    "email": "jonwage@gmail.com",
                    "homepage": "http://www.jwage.com/",
                    "role": "Creator"
                },
                {
                    "name": "Guilherme Blanco",
                    "email": "guilhermeblanco@gmail.com",
                    "homepage": "http://www.instaclick.com"
                },
                {
                    "name": "Roman Borschel",
                    "email": "roman@code-factory.org"
                },
                {
                    "name": "Benjamin Eberlei",
                    "email": "kontakt@beberlei.de"
                },
                {
                    "name": "Johannes Schmitt",
                    "email": "schmittjoh@gmail.com",
                    "homepage": "http://jmsyst.com",
                    "role": "Developer of wrapped JMSSerializerBundle"
                }
            ],
            "description": "Common String Manipulations with regard to casing and singular/plural rules.",
            "homepage": "http://www.doctrine-project.org",
            "keywords": [
                "inflection",
                "pluralize",
                "singularize",
                "string"
            ],
            "time": "2014-04-23 12:36:11"
        },
        {
            "name": "doctrine/lexer",
            "version": "dev-master",
            "source": {
                "type": "git",
                "url": "https://github.com/doctrine/lexer.git",
                "reference": "db77c80d33d72e33a62b80581e9d150af85de556"
            },
            "dist": {
                "type": "zip",
                "url": "https://api.github.com/repos/doctrine/lexer/zipball/db77c80d33d72e33a62b80581e9d150af85de556",
                "reference": "db77c80d33d72e33a62b80581e9d150af85de556",
                "shasum": ""
            },
            "require": {
                "php": ">=5.3.2"
            },
            "type": "library",
            "extra": {
                "branch-alias": {
                    "dev-master": "1.0.x-dev"
                }
            },
            "autoload": {
                "psr-0": {
                    "Doctrine\\Common\\Lexer\\": "lib/"
                }
            },
            "notification-url": "https://packagist.org/downloads/",
            "license": [
                "MIT"
            ],
            "authors": [
                {
                    "name": "Guilherme Blanco",
                    "email": "guilhermeblanco@gmail.com",
                    "homepage": "http://www.instaclick.com"
                },
                {
                    "name": "Roman Borschel",
                    "email": "roman@code-factory.org"
                },
                {
                    "name": "Johannes Schmitt",
                    "email": "schmittjoh@gmail.com",
                    "homepage": "http://jmsyst.com",
                    "role": "Developer of wrapped JMSSerializerBundle"
                }
            ],
            "description": "Base library for a lexer that can be used in Top-Down, Recursive Descent Parsers.",
            "homepage": "http://www.doctrine-project.org",
            "keywords": [
                "lexer",
                "parser"
            ],
            "time": "2014-06-11 23:09:27"
        },
        {
            "name": "emgiezet/errbit-php",
            "version": "dev-master",
            "source": {
                "type": "git",
                "url": "https://github.com/emgiezet/errbitPHP.git",
                "reference": "d2303470244ea9a5ff2ab09e38f4067c1c54350f"
            },
            "dist": {
                "type": "zip",
                "url": "https://api.github.com/repos/emgiezet/errbitPHP/zipball/d2303470244ea9a5ff2ab09e38f4067c1c54350f",
                "reference": "d2303470244ea9a5ff2ab09e38f4067c1c54350f",
                "shasum": ""
            },
            "require": {
                "php": ">=5.3.2"
            },
            "replace": {
                "flippa-official/errbit-php": "dev-master",
                "nodrew/php-airbrake": "dev-master"
            },
            "require-dev": {
                "mockery/mockery": "dev-master",
                "phpunit/phpcov": "2.0.*@dev",
                "phpunit/phpunit": "4.*",
                "satooshi/php-coveralls": "dev-master"
            },
            "type": "library",
            "extra": {
                "branch-alias": {
                    "dev-master": "1.0.x-dev"
                }
            },
            "autoload": {
                "psr-0": {
                    "Errbit\\": "src/"
                }
            },
            "notification-url": "https://packagist.org/downloads/",
            "license": [
                "MIT"
            ],
            "authors": [
                {
                    "name": "flippa"
                },
                {
                    "name": "emgiezet"
                },
                {
                    "name": "karolsojko"
                },
                {
                    "name": "deathowl"
                }
            ],
            "description": "errbit/airbrake integration with php with psr-2",
            "homepage": "http://github.com/emgiezet/errbitPHP",
            "keywords": [
                "airbrake",
                "errbit",
                "errbit php",
                "error tracking"
            ],
            "time": "2014-05-05 08:02:36"
        },
        {
            "name": "jms/i18n-routing-bundle",
            "version": "dev-master",
            "target-dir": "JMS/I18nRoutingBundle",
            "source": {
                "type": "git",
                "url": "https://github.com/schmittjoh/JMSI18nRoutingBundle.git",
                "reference": "6f69173307fdb45f2d2878d0ca8baca67c8e09dd"
            },
            "dist": {
                "type": "zip",
                "url": "https://api.github.com/repos/schmittjoh/JMSI18nRoutingBundle/zipball/6f69173307fdb45f2d2878d0ca8baca67c8e09dd",
                "reference": "6f69173307fdb45f2d2878d0ca8baca67c8e09dd",
                "shasum": ""
            },
            "require": {
                "jms/translation-bundle": "~1.0",
                "symfony/framework-bundle": "~2.1"
            },
            "require-dev": {
                "jms/di-extra-bundle": "*",
                "sensio/framework-extra-bundle": "<2.1.5",
                "symfony/browser-kit": "<2.1.5",
                "symfony/class-loader": "<2.1.5",
                "symfony/css-selector": "<2.1.5",
                "symfony/finder": "<2.1.5",
                "symfony/form": "<2.1.5",
                "symfony/framework-bundle": "<2.1.5",
                "symfony/http-foundation": "<2.1.5",
                "symfony/http-kernel": "<2.1.5",
                "symfony/process": "<2.1.5",
                "symfony/routing": "<2.1.5",
                "symfony/twig-bundle": "<2.1.5",
                "symfony/validator": "<2.1.5",
                "symfony/yaml": "<2.1.5"
            },
            "type": "symfony-bundle",
            "extra": {
                "branch-alias": {
                    "dev-master": "1.1-dev"
                }
            },
            "autoload": {
                "psr-0": {
                    "JMS\\I18nRoutingBundle": ""
                }
            },
            "notification-url": "https://packagist.org/downloads/",
            "license": [
                "Apache2"
            ],
            "authors": [
                {
                    "name": "Johannes M. Schmitt",
                    "email": "schmittjoh@gmail.com",
                    "homepage": "http://jmsyst.com",
                    "role": "Developer of wrapped JMSSerializerBundle"
                }
            ],
            "description": "This bundle allows you to create i18n routes.",
            "homepage": "http://jmsyst.com/bundles/JMSI18nRoutingBundle",
            "keywords": [
                "multilanguage",
                "routing",
                "translation"
            ],
            "time": "2014-03-22 05:31:08"
        },
        {
            "name": "jms/translation-bundle",
            "version": "dev-master",
            "target-dir": "JMS/TranslationBundle",
            "source": {
                "type": "git",
                "url": "https://github.com/schmittjoh/JMSTranslationBundle.git",
                "reference": "1c41baf3a0b8c6f0f3a3894c1adc0648ea651bc0"
            },
            "dist": {
                "type": "zip",
                "url": "https://api.github.com/repos/schmittjoh/JMSTranslationBundle/zipball/1c41baf3a0b8c6f0f3a3894c1adc0648ea651bc0",
                "reference": "1c41baf3a0b8c6f0f3a3894c1adc0648ea651bc0",
                "shasum": ""
            },
            "require": {
                "nikic/php-parser": "0.9.4",
                "symfony/console": "*",
                "symfony/framework-bundle": "~2.1"
            },
            "conflict": {
                "twig/twig": "1.10.2"
            },
            "require-dev": {
                "jms/di-extra-bundle": ">=1.1",
                "sensio/framework-extra-bundle": "*",
                "symfony/browser-kit": "*",
                "symfony/class-loader": "*",
                "symfony/css-selector": "*",
                "symfony/finder": "*",
                "symfony/form": "*",
                "symfony/process": "*",
                "symfony/security": "*",
                "symfony/twig-bundle": "*",
                "symfony/validator": "*",
                "symfony/yaml": "*"
            },
            "type": "symfony-bundle",
            "extra": {
                "branch-alias": {
                    "dev-master": "1.1-dev"
                }
            },
            "autoload": {
                "psr-0": {
                    "JMS\\TranslationBundle": ""
                }
            },
            "notification-url": "https://packagist.org/downloads/",
            "license": [
                "Apache2"
            ],
            "authors": [
                {
                    "name": "Johannes M. Schmitt",
                    "email": "schmittjoh@gmail.com",
                    "homepage": "http://jmsyst.com",
                    "role": "Developer of wrapped JMSSerializerBundle"
                }
            ],
            "description": "Puts the Symfony2 Translation Component on steroids",
            "homepage": "http://jmsyst.com/bundles/JMSTranslationBundle",
            "keywords": [
                "extract",
                "extraction",
                "i18n",
                "interface",
                "multilanguage",
                "translation",
                "ui",
                "webinterface"
            ],
            "time": "2014-02-17 15:05:26"
        },
        {
            "name": "knplabs/knp-menu",
            "version": "dev-master",
            "source": {
                "type": "git",
                "url": "https://github.com/KnpLabs/KnpMenu.git",
                "reference": "532a4ad323be54da77179022474e873d307e524c"
            },
            "dist": {
                "type": "zip",
                "url": "https://api.github.com/repos/KnpLabs/KnpMenu/zipball/532a4ad323be54da77179022474e873d307e524c",
                "reference": "532a4ad323be54da77179022474e873d307e524c",
                "shasum": ""
            },
            "require": {
                "php": ">=5.3.0"
            },
            "require-dev": {
                "pimple/pimple": "1.0.*",
                "silex/silex": "1.0.*",
                "twig/twig": ">=1.2,<2.0-dev"
            },
            "suggest": {
                "pimple/pimple": "for the built-in implementations of the menu provider and renderer provider",
                "silex/silex": "for the integration with your silex application",
                "twig/twig": "for the TwigRenderer and the integration with your templates"
            },
            "type": "library",
            "extra": {
                "branch-alias": {
                    "dev-master": "2.0.x-dev"
                }
            },
            "autoload": {
                "psr-0": {
                    "Knp\\Menu\\": "src/"
                }
            },
            "notification-url": "https://packagist.org/downloads/",
            "license": [
                "MIT"
            ],
            "authors": [
                {
                    "name": "Christophe Coevoet",
                    "email": "stof@notk.org"
                },
                {
                    "name": "KnpLabs",
                    "homepage": "http://knplabs.com"
                },
                {
                    "name": "Symfony Community",
                    "homepage": "https://github.com/KnpLabs/KnpMenu/contributors"
                }
            ],
            "description": "An object oriented menu library",
            "homepage": "http://knplabs.com",
            "keywords": [
                "menu",
                "tree"
            ],
            "time": "2014-06-20 09:37:12"
        },
        {
            "name": "knplabs/knp-menu-bundle",
            "version": "dev-master",
            "target-dir": "Knp/Bundle/MenuBundle",
            "source": {
                "type": "git",
                "url": "https://github.com/KnpLabs/KnpMenuBundle.git",
                "reference": "e6a0756b80349f04023faaef4ae4d801cbd716df"
            },
            "dist": {
                "type": "zip",
                "url": "https://api.github.com/repos/KnpLabs/KnpMenuBundle/zipball/e6a0756b80349f04023faaef4ae4d801cbd716df",
                "reference": "e6a0756b80349f04023faaef4ae4d801cbd716df",
                "shasum": ""
            },
            "require": {
                "knplabs/knp-menu": "~2.0, >=2.0.0-beta1",
                "symfony/framework-bundle": "~2.0"
            },
            "type": "symfony-bundle",
            "extra": {
                "branch-alias": {
                    "dev-master": "2.0.x-dev"
                }
            },
            "autoload": {
                "psr-0": {
                    "Knp\\Bundle\\MenuBundle": ""
                }
            },
            "notification-url": "https://packagist.org/downloads/",
            "license": [
                "MIT"
            ],
            "authors": [
                {
                    "name": "Christophe Coevoet",
                    "email": "stof@notk.org"
                },
                {
                    "name": "Knplabs",
                    "homepage": "http://knplabs.com"
                },
                {
                    "name": "Symfony Community",
                    "homepage": "https://github.com/KnpLabs/KnpMenuBundle/contributors"
                }
            ],
            "description": "This bundle provides an integration of the KnpMenu library",
            "keywords": [
                "menu"
            ],
            "time": "2014-06-16 19:59:46"
        },
        {
            "name": "mopa/bootstrap-bundle",
            "version": "dev-master",
            "target-dir": "Mopa/Bundle/BootstrapBundle",
            "source": {
                "type": "git",
                "url": "https://github.com/phiamo/MopaBootstrapBundle.git",
                "reference": "c13d3042f5a086c4b9670eb353325b00a6ed9592"
            },
            "dist": {
                "type": "zip",
                "url": "https://api.github.com/repos/phiamo/MopaBootstrapBundle/zipball/c13d3042f5a086c4b9670eb353325b00a6ed9592",
                "reference": "c13d3042f5a086c4b9670eb353325b00a6ed9592",
                "shasum": ""
            },
            "require": {
                "mopa/composer-bridge": "~1.3",
                "symfony/console": "~2.3",
                "symfony/form": "~2.3",
                "symfony/framework-bundle": "~2.3",
                "symfony/twig-bundle": "~2.3"
            },
            "suggest": {
                "craue/formflow-bundle": "~2.0",
                "knplabs/knp-menu-bundle": "~2.0@dev",
                "knplabs/knp-paginator-bundle": "~2.3",
                "mopa/bootstrap-sandbox-bundle": "~2.3",
                "twbs/bootstrap": ">2.0,<4.0-dev",
                "twbs/bootstrap-sass": "v3.1.1"
            },
            "type": "symfony-bundle",
            "extra": {
                "branch-alias": {
                    "dev-master": "3.x-dev"
                }
            },
            "autoload": {
                "psr-0": {
                    "Mopa\\Bundle\\BootstrapBundle\\": ""
                }
            },
            "notification-url": "https://packagist.org/downloads/",
            "license": [
                "MIT"
            ],
            "authors": [
                {
                    "name": "Philipp A. Mohrenweiser",
                    "email": "phiamo@googlemail.com",
                    "homepage": "http://bootstrap.mohrenweiserpartner.de"
                },
                {
                    "name": "Community contributions",
                    "homepage": "https://github.com/phiamo/MopaBootstrapBundle/contributors"
                }
            ],
            "description": "Easy integration of twitters bootstrap into symfony2",
            "keywords": [
                "bootstrap",
                "bootstrap form",
                "extra form",
                "form",
                "template"
            ],
            "time": "2014-06-25 17:06:37"
        },
        {
            "name": "mopa/composer-bridge",
            "version": "dev-master",
            "source": {
                "type": "git",
                "url": "https://github.com/phiamo/MopaComposerBridge.git",
                "reference": "4ce791bfeabc5261da11cf4a949745d60dae711f"
            },
            "dist": {
                "type": "zip",
                "url": "https://api.github.com/repos/phiamo/MopaComposerBridge/zipball/4ce791bfeabc5261da11cf4a949745d60dae711f",
                "reference": "4ce791bfeabc5261da11cf4a949745d60dae711f",
                "shasum": ""
            },
            "require": {
                "symfony/console": "2.*"
            },
            "type": "symfony-bridge",
            "extra": {
                "branch-alias": {
                    "dev-master": "1.3.x-dev"
                }
            },
            "autoload": {
                "psr-0": {
                    "Mopa\\Bridge\\Composer": "src/"
                }
            },
            "notification-url": "https://packagist.org/downloads/",
            "license": [
                "MIT"
            ],
            "authors": [
                {
                    "name": "Philipp A. Mohrenweiser",
                    "email": "phiamo@googlemail.com",
                    "homepage": "http://bootstrap.mohrenweiserpartner.de"
                },
                {
                    "name": "Community contributions",
                    "homepage": "https://github.com/phiamo/MopaComposerBridge/contributors"
                }
            ],
            "description": "Symfony2 Composer Bridge",
            "homepage": "http://bootstrap.mohrenweiserpartner.de",
            "keywords": [
                "Symfony2",
                "composer"
            ],
            "time": "2013-09-10 10:06:34"
        },
        {
            "name": "nikic/php-parser",
            "version": "v0.9.4",
            "source": {
                "type": "git",
                "url": "https://github.com/nikic/PHP-Parser.git",
                "reference": "1e5e280ae88a27effa2ae4aa2bd088494ed8594f"
            },
            "dist": {
                "type": "zip",
                "url": "https://api.github.com/repos/nikic/PHP-Parser/zipball/1e5e280ae88a27effa2ae4aa2bd088494ed8594f",
                "reference": "1e5e280ae88a27effa2ae4aa2bd088494ed8594f",
                "shasum": ""
            },
            "require": {
                "php": ">=5.2"
            },
            "type": "library",
            "extra": {
                "branch-alias": {
                    "dev-master": "0.9-dev"
                }
            },
            "autoload": {
                "psr-0": {
                    "PHPParser": "lib/"
                }
            },
            "notification-url": "https://packagist.org/downloads/",
            "license": [
                "BSD-3-Clause"
            ],
            "authors": [
                {
                    "name": "Nikita Popov"
                }
            ],
            "description": "A PHP parser written in PHP",
            "keywords": [
                "parser",
                "php"
            ],
            "time": "2013-08-25 17:11:40"
        },
        {
            "name": "psr/log",
            "version": "dev-master",
            "source": {
                "type": "git",
                "url": "https://github.com/php-fig/log.git",
                "reference": "a78d6504ff5d4367497785ab2ade91db3a9fbe11"
            },
            "dist": {
                "type": "zip",
                "url": "https://api.github.com/repos/php-fig/log/zipball/a78d6504ff5d4367497785ab2ade91db3a9fbe11",
                "reference": "a78d6504ff5d4367497785ab2ade91db3a9fbe11",
                "shasum": ""
            },
            "type": "library",
            "extra": {
                "branch-alias": {
                    "dev-master": "1.0.x-dev"
                }
            },
            "autoload": {
                "psr-0": {
                    "Psr\\Log\\": ""
                }
            },
            "notification-url": "https://packagist.org/downloads/",
            "license": [
                "MIT"
            ],
            "authors": [
                {
                    "name": "PHP-FIG",
                    "homepage": "http://www.php-fig.org/"
                }
            ],
            "description": "Common interface for logging libraries",
            "keywords": [
                "log",
                "psr",
                "psr-3"
            ],
            "time": "2014-01-18 15:33:09"
        },
        {
            "name": "redexperts/errbit-bundle",
            "version": "dev-master",
            "target-dir": "Redexperts/ErrbitBundle",
            "source": {
                "type": "git",
                "url": "https://github.com/Redexperts/RedexpertsErrbitBundle.git",
                "reference": "cfecb565e6f3557ee4432f47c8eba9b8496df2ee"
            },
            "dist": {
                "type": "zip",
                "url": "https://api.github.com/repos/Redexperts/RedexpertsErrbitBundle/zipball/cfecb565e6f3557ee4432f47c8eba9b8496df2ee",
                "reference": "cfecb565e6f3557ee4432f47c8eba9b8496df2ee",
                "shasum": ""
            },
            "require": {
                "emgiezet/errbit-php": "dev-master",
                "php": ">=5.3.3",
                "symfony/framework-bundle": "~2.1"
            },
            "require-dev": {
                "mockery/mockery": "dev-master"
            },
            "type": "symfony-bundle",
            "autoload": {
                "psr-0": {
                    "Redexperts\\ErrbitBundle": ""
                }
            },
            "notification-url": "https://packagist.org/downloads/",
            "license": [
                "MIT"
            ],
            "authors": [
                {
                    "name": "Daniel Korsak",
                    "email": "daniel.korsak@redexperts.net"
                }
            ],
            "description": "Symfony Errbit Integration Bundle",
            "homepage": "http://www.redexperts.net",
            "keywords": [
                "Redexperts",
                "errbit"
            ],
            "time": "2014-01-15 15:46:43"
        },
        {
            "name": "sumocoders/framework-core-bundle",
            "version": "dev-master",
            "target-dir": "SumoCoders/FrameworkCoreBundle",
            "source": {
                "type": "git",
                "url": "git@git.sumocoders.be:tijs/frameworkcorebundle.git",
                "reference": "ae2dce0ecdaeed8ccfbffe0422fa4ed3e0b04580"
            },
            "require": {
                "jms/i18n-routing-bundle": "1.*",
                "jms/translation-bundle": "1.1.*",
                "knplabs/knp-menu": "2.0.*@dev",
                "knplabs/knp-menu-bundle": "2.0.*@dev",
                "mopa/bootstrap-bundle": "dev-master",
                "php": ">=5.3.3",
                "sumocoders/framework-error-bundle": "dev-master",
                "symfony/framework-bundle": "~2.1"
            },
            "type": "symfony-bundle",
            "autoload": {
                "psr-0": {
                    "SumoCoders\\FrameworkCoreBundle": ""
                }
            },
            "license": [
                "MIT"
            ],
            "authors": [
                {
                    "name": "Tijs Verkoyen",
                    "email": "tijs@sumocoders.be"
                }
            ],
            "description": "The core bundle for our mini-framework",
            "keywords": [
                "Framework",
                "SumoCoders"
            ],
            "time": "2014-06-27 13:47:29"
        },
        {
            "name": "sumocoders/framework-error-bundle",
            "version": "dev-master",
            "target-dir": "SumoCoders/FrameworkErrorBundle",
            "source": {
                "type": "git",
                "url": "git@git.sumocoders.be:tijs/frameworkerrorbundle.git",
                "reference": "ef22649a79750b52c11c98b85452d664c3adb77f"
            },
            "require": {
                "php": ">=5.3.3",
                "redexperts/errbit-bundle": "dev-master",
                "symfony/framework-bundle": "~2.1"
            },
            "type": "symfony-bundle",
            "autoload": {
                "psr-0": {
                    "SumoCoders\\FrameworkErrorBundle": ""
                }
            },
            "license": [
                "MIT"
            ],
            "authors": [
                {
                    "name": "Tijs Verkoyen",
                    "email": "tijs@sumocoders.be"
                }
            ],
            "description": "Error bundle for our mini-framework",
            "keywords": [
                "Errbit",
                "SumoCoders"
            ],
            "time": "2014-03-01 22:35:10"
        },
        {
            "name": "symfony/icu",
            "version": "1.2.x-dev",
            "target-dir": "Symfony/Component/Icu",
            "source": {
                "type": "git",
                "url": "https://github.com/symfony/Icu.git",
                "reference": "98e197da54df1f966dd5e8a4992135703569c987"
            },
            "dist": {
                "type": "zip",
                "url": "https://api.github.com/repos/symfony/Icu/zipball/98e197da54df1f966dd5e8a4992135703569c987",
                "reference": "98e197da54df1f966dd5e8a4992135703569c987",
                "shasum": ""
            },
            "require": {
                "lib-icu": ">=4.4",
                "php": ">=5.3.3",
                "symfony/intl": "~2.3"
            },
            "type": "library",
            "autoload": {
                "psr-0": {
                    "Symfony\\Component\\Icu\\": ""
                }
            },
            "notification-url": "https://packagist.org/downloads/",
            "license": [
                "MIT"
            ],
            "authors": [
                {
                    "name": "Symfony Community",
                    "homepage": "http://symfony.com/contributors"
                },
                {
                    "name": "Bernhard Schussek",
                    "email": "bschussek@gmail.com"
                }
            ],
            "description": "Contains an excerpt of the ICU data and classes to load it.",
            "homepage": "http://symfony.com",
            "keywords": [
                "icu",
                "intl"
            ],
            "time": "2013-10-04 10:06:38"
        },
        {
            "name": "symfony/symfony",
            "version": "dev-master",
            "source": {
                "type": "git",
                "url": "https://github.com/symfony/symfony.git",
                "reference": "279b5e5b986088ec2bf2d672f65c7bcd62fca0cb"
            },
            "dist": {
                "type": "zip",
                "url": "https://api.github.com/repos/symfony/symfony/zipball/279b5e5b986088ec2bf2d672f65c7bcd62fca0cb",
                "reference": "279b5e5b986088ec2bf2d672f65c7bcd62fca0cb",
                "shasum": ""
            },
            "require": {
                "doctrine/common": "~2.2",
                "php": ">=5.3.3",
                "psr/log": "~1.0",
                "symfony/icu": "~1.0",
                "twig/twig": "~1.12"
            },
            "replace": {
                "symfony/browser-kit": "self.version",
                "symfony/class-loader": "self.version",
                "symfony/config": "self.version",
                "symfony/console": "self.version",
                "symfony/css-selector": "self.version",
                "symfony/debug": "self.version",
                "symfony/dependency-injection": "self.version",
                "symfony/doctrine-bridge": "self.version",
                "symfony/dom-crawler": "self.version",
                "symfony/event-dispatcher": "self.version",
                "symfony/expression-language": "self.version",
                "symfony/filesystem": "self.version",
                "symfony/finder": "self.version",
                "symfony/form": "self.version",
                "symfony/framework-bundle": "self.version",
                "symfony/http-foundation": "self.version",
                "symfony/http-kernel": "self.version",
                "symfony/intl": "self.version",
                "symfony/locale": "self.version",
                "symfony/monolog-bridge": "self.version",
                "symfony/options-resolver": "self.version",
                "symfony/process": "self.version",
                "symfony/propel1-bridge": "self.version",
                "symfony/property-access": "self.version",
                "symfony/proxy-manager-bridge": "self.version",
                "symfony/routing": "self.version",
                "symfony/security": "self.version",
                "symfony/security-acl": "self.version",
                "symfony/security-bundle": "self.version",
                "symfony/security-core": "self.version",
                "symfony/security-csrf": "self.version",
                "symfony/security-http": "self.version",
                "symfony/serializer": "self.version",
                "symfony/stopwatch": "self.version",
                "symfony/swiftmailer-bridge": "self.version",
                "symfony/templating": "self.version",
                "symfony/translation": "self.version",
                "symfony/twig-bridge": "self.version",
                "symfony/twig-bundle": "self.version",
                "symfony/validator": "self.version",
                "symfony/web-profiler-bundle": "self.version",
                "symfony/yaml": "self.version"
            },
            "require-dev": {
                "doctrine/data-fixtures": "1.0.*",
                "doctrine/dbal": "~2.2",
                "doctrine/doctrine-bundle": "~1.2",
                "doctrine/orm": "~2.2,>=2.2.3",
                "egulias/email-validator": "1.1.0",
                "ircmaxell/password-compat": "1.0.*",
                "monolog/monolog": "~1.3",
                "ocramius/proxy-manager": ">=0.3.1,<0.6-dev",
                "propel/propel1": "1.6.*"
            },
            "type": "library",
            "extra": {
                "branch-alias": {
                    "dev-master": "2.6-dev"
                }
            },
            "autoload": {
                "psr-0": {
                    "Symfony\\": "src/"
                },
                "classmap": [
                    "src/Symfony/Component/HttpFoundation/Resources/stubs",
                    "src/Symfony/Component/Intl/Resources/stubs"
                ],
                "files": [
                    "src/Symfony/Component/Intl/Resources/stubs/functions.php"
                ]
            },
            "notification-url": "https://packagist.org/downloads/",
            "license": [
                "MIT"
            ],
            "authors": [
                {
                    "name": "Fabien Potencier",
                    "email": "fabien@symfony.com",
                    "homepage": "http://fabien.potencier.org",
                    "role": "Lead Developer"
                },
                {
                    "name": "Symfony Community",
                    "homepage": "http://symfony.com/contributors"
                }
            ],
            "description": "The Symfony PHP framework",
            "homepage": "http://symfony.com",
            "keywords": [
                "framework"
            ],
            "time": "2014-06-28 07:15:08"
        },
        {
            "name": "twig/twig",
            "version": "dev-master",
            "source": {
                "type": "git",
                "url": "https://github.com/fabpot/Twig.git",
                "reference": "96336aba609af06e8722ddc17451ce93d70b54e1"
            },
            "dist": {
                "type": "zip",
                "url": "https://api.github.com/repos/fabpot/Twig/zipball/96336aba609af06e8722ddc17451ce93d70b54e1",
                "reference": "96336aba609af06e8722ddc17451ce93d70b54e1",
                "shasum": ""
            },
            "require": {
                "php": ">=5.2.4"
            },
            "type": "library",
            "extra": {
                "branch-alias": {
                    "dev-master": "1.16-dev"
                }
            },
            "autoload": {
                "psr-0": {
                    "Twig_": "lib/"
                }
            },
            "notification-url": "https://packagist.org/downloads/",
            "license": [
                "BSD-3-Clause"
            ],
            "authors": [
                {
                    "name": "Fabien Potencier",
                    "email": "fabien@symfony.com",
                    "homepage": "http://fabien.potencier.org",
                    "role": "Lead Developer"
                },
                {
                    "name": "Armin Ronacher",
                    "email": "armin.ronacher@active-4.com",
                    "role": "Project Founder"
                },
                {
                    "name": "Twig Team",
                    "homepage": "https://github.com/fabpot/Twig/graphs/contributors",
                    "role": "Contributors"
                }
            ],
            "description": "Twig, the flexible, fast, and secure template language for PHP",
            "homepage": "http://twig.sensiolabs.org",
            "keywords": [
                "templating"
            ],
            "time": "2014-06-20 07:26:46"
        }
    ],
    "packages-dev": [

    ],
    "aliases": [

    ],
    "minimum-stability": "dev",
    "stability-flags": {
        "sumocoders/framework-core-bundle": 20
    },
    "platform": {
        "php": ">=5.3.3"
    },
    "platform-dev": [

    ]
}
